
Microsoft Visual Studio Solution File, Format Version 12.00
# Visual Studio 14
VisualStudioVersion = 14.0.24720.0
MinimumVisualStudioVersion = 10.0.40219.1
Project("{FAE04EC0-301F-11D3-BF4B-00C04F79EFBC}") = "BeesEventProcessorConsole", "BeesEventProcessorConsole\BeesEventProcessorConsole.csproj", "{6A01C603-B06C-4B44-A8A6-960E234650E3}"
EndProject
Project("{FAE04EC0-301F-11D3-BF4B-00C04F79EFBC}") = "BeesCreateDeviceIdentity", "BeesCreateDeviceIdentity\BeesCreateDeviceIdentity.csproj", "{D98BCE59-5362-4A0D-AD62-A7295782C27D}"
EndProject
Project("{FAE04EC0-301F-11D3-BF4B-00C04F79EFBC}") = "BeesSimulateDevice", "BeesSimulateDevice\BeesSimulateDevice.csproj", "{0C1C7E52-53E7-40DF-8896-440C2E035160}"
EndProject
Global
	GlobalSection(SolutionConfigurationPlatforms) = preSolution
		Debug|Any CPU = Debug|Any CPU
		Release|Any CPU = Release|Any CPU
	EndGlobalSection
	GlobalSection(ProjectConfigurationPlatforms) = postSolution
		{6A01C603-B06C-4B44-A8A6-960E234650E3}.Debug|Any CPU.ActiveCfg = Debug|Any CPU
		{6A01C603-B06C-4B44-A8A6-960E234650E3}.Debug|Any CPU.Build.0 = Debug|Any CPU
		{6A01C603-B06C-4B44-A8A6-960E234650E3}.Release|Any CPU.ActiveCfg = Release|Any CPU
		{6A01C603-B06C-4B44-A8A6-960E234650E3}.Release|Any CPU.Build.0 = Release|Any CPU
		{D98BCE59-5362-4A0D-AD62-A7295782C27D}.Debug|Any CPU.ActiveCfg = Debug|Any CPU
		{D98BCE59-5362-4A0D-AD62-A7295782C27D}.Debug|Any CPU.Build.0 = Debug|Any CPU
		{D98BCE59-5362-4A0D-AD62-A7295782C27D}.Release|Any CPU.ActiveCfg = Release|Any CPU
		{D98BCE59-5362-4A0D-AD62-A7295782C27D}.Release|Any CPU.Build.0 = Release|Any CPU
		{0C1C7E52-53E7-40DF-8896-440C2E035160}.Debug|Any CPU.ActiveCfg = Debug|Any CPU
		{0C1C7E52-53E7-40DF-8896-440C2E035160}.Debug|Any CPU.Build.0 = Debug|Any CPU
		{0C1C7E52-53E7-40DF-8896-440C2E035160}.Release|Any CPU.ActiveCfg = Release|Any CPU
		{0C1C7E52-53E7-40DF-8896-440C2E035160}.Release|Any CPU.Build.0 = Release|Any CPU
	EndGlobalSection
	GlobalSection(SolutionProperties) = preSolution
		HideSolutionNode = FALSE
	EndGlobalSection
EndGlobal
